// !$*UTF8*$!
{
	archiveVersion = 1;
	classes = {
	};
	objectVersion = 77;
	objects = {

/* Begin PBXBuildFile section */
		64630D8B2F960D820000BD2C /* FirebaseAuth in Frameworks */ = {isa = PBXBuildFile; productRef = 6452779C2F82802D0008744D /* FirebaseAuth */; };
		64630D8C2F960D820000BD2C /* FirebaseCore in Frameworks */ = {isa = PBXBuildFile; productRef = 6452779E2F82802D0008744D /* FirebaseCore */; };
		64630D8D2F960D820000BD2C /* FirebaseFirestore in Frameworks */ = {isa = PBXBuildFile; productRef = 645277A02F82802D0008744D /* FirebaseFirestore */; };
		64630D8E2F960D820000BD2C /* FirebaseMessaging in Frameworks */ = {isa = PBXBuildFile; productRef = 645277A22F82802D0008744D /* FirebaseMessaging */; };
		E2661D0E2F9CB2E300386075 /* WidgetKit.framework in Frameworks */ = {isa = PBXBuildFile; fileRef = E2661D0D2F9CB2E300386075 /* WidgetKit.framework */; };
		E2661D102F9CB2E300386075 /* SwiftUI.framework in Frameworks */ = {isa = PBXBuildFile; fileRef = E2661D0F2F9CB2E300386075 /* SwiftUI.framework */; };
		E2661D1F2F9CB2E500386075 /* ElevateWidgetExtension.appex in Embed Foundation Extensions */ = {isa = PBXBuildFile; fileRef = E2661D0B2F9CB2E300386075 /* ElevateWidgetExtension.appex */; settings = {ATTRIBUTES = (RemoveHeadersOnCopy, ); }; };
/* End PBXBuildFile section */

/* Begin PBXContainerItemProxy section */
		E2661D1D2F9CB2E500386075 /* PBXContainerItemProxy */ = {
			isa = PBXContainerItemProxy;
			containerPortal = 642B88A02F7A6D23000ECE2C /* Project object */;
			proxyType = 1;
			remoteGlobalIDString = E2661D0A2F9CB2E300386075;
			remoteInfo = ElevateWidgetExtension;
		};
/* End PBXContainerItemProxy section */

/* Begin PBXCopyFilesBuildPhase section */
		E2661D242F9CB2E500386075 /* Embed Foundation Extensions */ = {
			isa = PBXCopyFilesBuildPhase;
			buildActionMask = 2147483647;
			dstPath = "";
			dstSubfolderSpec = 13;
			files = (
				E2661D1F2F9CB2E500386075 /* ElevateWidgetExtension.appex in Embed Foundation Extensions */,
			);
			name = "Embed Foundation Extensions";
			runOnlyForDeploymentPostprocessing = 0;
		};
/* End PBXCopyFilesBuildPhase section */

/* Begin PBXFileReference section */
		00B56BE8583F46BCBDE9FB4C /* Elevate/Views/Dashboard/EventEditViewController.swift */ = {isa = PBXFileReference; lastKnownFileType = sourcecode.swift; path = Elevate/Views/Dashboard/EventEditViewController.swift; sourceTree = SOURCE_ROOT; };
		04B1118853164DC6A540AFD5 /* Elevate/Views/Jobs/ManagerQuotationApprovalView.swift */ = {isa = PBXFileReference; lastKnownFileType = sourcecode.swift; path = Elevate/Views/Jobs/ManagerQuotationApprovalView.swift; sourceTree = SOURCE_ROOT; };
		06ACE687F6674931AF7949E9 /* Elevate/Services/NotificationService.swift */ = {isa = PBXFileReference; lastKnownFileType = sourcecode.swift; path = Elevate/Services/NotificationService.swift; sourceTree = SOURCE_ROOT; };
		0E996191E8404D22841C0B60 /* Elevate/Services/NetworkService.swift */ = {isa = PBXFileReference; lastKnownFileType = sourcecode.swift; path = Elevate/Services/NetworkService.swift; sourceTree = SOURCE_ROOT; };
		1FEEA4F9485B44468F571A5F /* Elevate/Views/Dashboard/ManagerNotificationsView.swift */ = {isa = PBXFileReference; lastKnownFileType = sourcecode.swift; path = Elevate/Views/Dashboard/ManagerNotificationsView.swift; sourceTree = SOURCE_ROOT; };
		2211F45FF4CE41D5AAE87BF1 /* Elevate/Core/ManagerTabRouter.swift */ = {isa = PBXFileReference; lastKnownFileType = sourcecode.swift; path = Elevate/Core/ManagerTabRouter.swift; sourceTree = SOURCE_ROOT; };
		22B0D25D64EE4ABA9066F3A5 /* Elevate/Views/Profile/TechnicianProfileView.swift */ = {isa = PBXFileReference; lastKnownFileType = sourcecode.swift; path = Elevate/Views/Profile/TechnicianProfileView.swift; sourceTree = SOURCE_ROOT; };
		29AF9C270F27486DB5EC67EE /* Elevate/Views/Dashboard/MainTabView.swift */ = {isa = PBXFileReference; lastKnownFileType = sourcecode.swift; path = Elevate/Views/Dashboard/MainTabView.swift; sourceTree = SOURCE_ROOT; };
		2A08DAC5EFD0433E90FBDB3D /* Elevate/ViewModels/SignInViewModel.swift */ = {isa = PBXFileReference; lastKnownFileType = sourcecode.swift; path = Elevate/ViewModels/SignInViewModel.swift; sourceTree = SOURCE_ROOT; };
		2A1E0D5098304A2789222337 /* Elevate/Views/Profile/TechnicianAccessibilityView.swift */ = {isa = PBXFileReference; lastKnownFileType = sourcecode.swift; path = Elevate/Views/Profile/TechnicianAccessibilityView.swift; sourceTree = SOURCE_ROOT; };
		2EE769FAF12244AF9CA29084 /* Elevate/Services/CoreDataStack.swift */ = {isa = PBXFileReference; lastKnownFileType = sourcecode.swift; path = Elevate/Services/CoreDataStack.swift; sourceTree = SOURCE_ROOT; };
		2FA12AFE31E446D5BB1D62DA /* Elevate/Services/LocalStorageService.swift */ = {isa = PBXFileReference; lastKnownFileType = sourcecode.swift; path = Elevate/Services/LocalStorageService.swift; sourceTree = SOURCE_ROOT; };
		32768371948C46CAA4444BF3 /* Elevate/Views/Auth/SignUpView.swift */ = {isa = PBXFileReference; lastKnownFileType = sourcecode.swift; path = Elevate/Views/Auth/SignUpView.swift; sourceTree = SOURCE_ROOT; };
		33AC1668235A48EEAFB080DE /* Elevate/ViewModels/NotificationsViewModel.swift */ = {isa = PBXFileReference; lastKnownFileType = sourcecode.swift; path = Elevate/ViewModels/NotificationsViewModel.swift; sourceTree = SOURCE_ROOT; };
		34DD2D31A979421BB498B94A /* Elevate/ViewModels/JobDetailsViewModel.swift */ = {isa = PBXFileReference; lastKnownFileType = sourcecode.swift; path = Elevate/ViewModels/JobDetailsViewModel.swift; sourceTree = SOURCE_ROOT; };
		3B382B631A5C422E90453D11 /* Elevate/ViewModels/QuotationStatusViewModel.swift */ = {isa = PBXFileReference; lastKnownFileType = sourcecode.swift; path = Elevate/ViewModels/QuotationStatusViewModel.swift; sourceTree = SOURCE_ROOT; };
		43F43AC58A594E0AAE1201A7 /* Elevate/ViewModels/JobIssueReportViewModel.swift */ = {isa = PBXFileReference; lastKnownFileType = sourcecode.swift; path = Elevate/ViewModels/JobIssueReportViewModel.swift; sourceTree = SOURCE_ROOT; };
		4507000CE1864F8C89B02E3E /* Elevate/Components/HeaderNavComponents.swift */ = {isa = PBXFileReference; lastKnownFileType = sourcecode.swift; path = Elevate/Components/HeaderNavComponents.swift; sourceTree = SOURCE_ROOT; };
		462B7F73DC4945E7AD5C6679 /* Elevate/ViewModels/ManagerAddMemberViewModel.swift */ = {isa = PBXFileReference; lastKnownFileType = sourcecode.swift; path = Elevate/ViewModels/ManagerAddMemberViewModel.swift; sourceTree = SOURCE_ROOT; };
		46936FECB97645D096D8002C /* Elevate/Models/Job.swift */ = {isa = PBXFileReference; lastKnownFileType = sourcecode.swift; path = Elevate/Models/Job.swift; sourceTree = SOURCE_ROOT; };
		46D79EAA08584D57AC8EE0D7 /* Elevate/ViewModels/ManagerEditProfileViewModel.swift */ = {isa = PBXFileReference; lastKnownFileType = sourcecode.swift; path = Elevate/ViewModels/ManagerEditProfileViewModel.swift; sourceTree = SOURCE_ROOT; };
		4988B6A6BB6741E0A76C8BCC /* Elevate/Models/QuotationItem.swift */ = {isa = PBXFileReference; lastKnownFileType = sourcecode.swift; path = Elevate/Models/QuotationItem.swift; sourceTree = SOURCE_ROOT; };
		50FA0227F1A7432F8942A530 /* Elevate/Components/AccessibleComponents.swift */ = {isa = PBXFileReference; lastKnownFileType = sourcecode.swift; path = Elevate/Components/AccessibleComponents.swift; sourceTree = SOURCE_ROOT; };
		53112575E85041E0AD21A715 /* Elevate/ViewModels/CalendarViewModel.swift */ = {isa = PBXFileReference; lastKnownFileType = sourcecode.swift; path = Elevate/ViewModels/CalendarViewModel.swift; sourceTree = SOURCE_ROOT; };
		5343BEFA5DBA4A4199056692 /* Elevate/Views/Dashboard/ManagerStatisticsView.swift */ = {isa = PBXFileReference; lastKnownFileType = sourcecode.swift; path = Elevate/Views/Dashboard/ManagerStatisticsView.swift; sourceTree = SOURCE_ROOT; };
		56A537049CED492B93939C00 /* Elevate/Views/Inventory/ManagerInventoryView.swift */ = {isa = PBXFileReference; lastKnownFileType = sourcecode.swift; path = Elevate/Views/Inventory/ManagerInventoryView.swift; sourceTree = SOURCE_ROOT; };
		585520F937EC4AA0B7FE1494 /* Elevate/Views/Profile/ManagerAccessibilityView.swift */ = {isa = PBXFileReference; lastKnownFileType = sourcecode.swift; path = Elevate/Views/Profile/ManagerAccessibilityView.swift; sourceTree = SOURCE_ROOT; };
		589DD542E06F4704B99B612E /* Elevate/Components/Components.swift */ = {isa = PBXFileReference; lastKnownFileType = sourcecode.swift; path = Elevate/Components/Components.swift; sourceTree = SOURCE_ROOT; };
		5BB777E3A4BD44AEA4051B61 /* Elevate/Views/Dashboard/TechnicianNotificationsView.swift */ = {isa = PBXFileReference; lastKnownFileType = sourcecode.swift; path = Elevate/Views/Dashboard/TechnicianNotificationsView.swift; sourceTree = SOURCE_ROOT; };
		5E40DA9F81394B05949A085F /* Elevate/Views/Dashboard/ManagerDashboardView.swift */ = {isa = PBXFileReference; lastKnownFileType = sourcecode.swift; path = Elevate/Views/Dashboard/ManagerDashboardView.swift; sourceTree = SOURCE_ROOT; };
		617A587FDAEF4935B14D2A56 /* Elevate/Views/Auth/ForgotPasswordView.swift */ = {isa = PBXFileReference; lastKnownFileType = sourcecode.swift; path = Elevate/Views/Auth/ForgotPasswordView.swift; sourceTree = SOURCE_ROOT; };
		6214203131A74F9B948F584F /* Elevate/ViewModels/AccessibilityViewModel.swift */ = {isa = PBXFileReference; lastKnownFileType = sourcecode.swift; path = Elevate/ViewModels/AccessibilityViewModel.swift; sourceTree = SOURCE_ROOT; };
		622F1C6B45B44EB2B0807F3A /* Elevate/Views/Map/TechnicianMapView.swift */ = {isa = PBXFileReference; lastKnownFileType = sourcecode.swift; path = Elevate/Views/Map/TechnicianMapView.swift; sourceTree = SOURCE_ROOT; };
		62555E45323E46EABB18999E /* Elevate/Views/Auth/SplashScreenView.swift */ = {isa = PBXFileReference; lastKnownFileType = sourcecode.swift; path = Elevate/Views/Auth/SplashScreenView.swift; sourceTree = SOURCE_ROOT; };
		6343010DFFF14DEC867B1121 /* Elevate/Views/Dashboard/TechnicianStatisticsView.swift */ = {isa = PBXFileReference; lastKnownFileType = sourcecode.swift; path = Elevate/Views/Dashboard/TechnicianStatisticsView.swift; sourceTree = SOURCE_ROOT; };
		642B88A82F7A6D23000ECE2C /* Elevate.app */ = {isa = PBXFileReference; explicitFileType = wrapper.application; includeInIndex = 0; path = Elevate.app; sourceTree = BUILT_PRODUCTS_DIR; };
		65E634552CD04A64AA0DD3A2 /* Elevate/Views/Inventory/InventoryView.swift */ = {isa = PBXFileReference; lastKnownFileType = sourcecode.swift; path = Elevate/Views/Inventory/InventoryView.swift; sourceTree = SOURCE_ROOT; };
		70A648BE49F845FC824E8247 /* Elevate/ViewModels/InventoryViewModel.swift */ = {isa = PBXFileReference; lastKnownFileType = sourcecode.swift; path = Elevate/ViewModels/InventoryViewModel.swift; sourceTree = SOURCE_ROOT; };
		71D0140B9FD9450BBD9F7C57 /* Elevate/ViewModels/DashboardViewModel.swift */ = {isa = PBXFileReference; lastKnownFileType = sourcecode.swift; path = Elevate/ViewModels/DashboardViewModel.swift; sourceTree = SOURCE_ROOT; };
		734D12B88A3B4184A78D7898 /* Elevate/Extensions/Color+Extensions.swift */ = {isa = PBXFileReference; lastKnownFileType = sourcecode.swift; path = "Elevate/Extensions/Color+Extensions.swift"; sourceTree = SOURCE_ROOT; };
		75E5F258036A4EEE8C85EC7B /* Elevate/Components/ManagerBottomNav.swift */ = {isa = PBXFileReference; lastKnownFileType = sourcecode.swift; path = Elevate/Components/ManagerBottomNav.swift; sourceTree = SOURCE_ROOT; };
		77933BC7A9AE427DA9F6E541 /* Elevate/Models/PendingAction.swift */ = {isa = PBXFileReference; lastKnownFileType = sourcecode.swift; path = Elevate/Models/PendingAction.swift; sourceTree = SOURCE_ROOT; };
		7DCA178AC53C437EB33595B2 /* Elevate/Views/Jobs/JobDetailsView.swift */ = {isa = PBXFileReference; lastKnownFileType = sourcecode.swift; path = Elevate/Views/Jobs/JobDetailsView.swift; sourceTree = SOURCE_ROOT; };
		927D6E43B98B411AA0EA9B4E /* Elevate/Models/OrganizationDetails.swift */ = {isa = PBXFileReference; lastKnownFileType = sourcecode.swift; path = Elevate/Models/OrganizationDetails.swift; sourceTree = SOURCE_ROOT; };
		93AF331FD5C440049339CC6E /* Elevate/Views/Jobs/JobIssueReportView.swift */ = {isa = PBXFileReference; lastKnownFileType = sourcecode.swift; path = Elevate/Views/Jobs/JobIssueReportView.swift; sourceTree = SOURCE_ROOT; };
		974E1375789D4F67941696E0 /* Elevate/Core/ContentView.swift */ = {isa = PBXFileReference; lastKnownFileType = sourcecode.swift; path = Elevate/Core/ContentView.swift; sourceTree = SOURCE_ROOT; };
		97B36A6996844051948997BF /* Elevate/ViewModels/ManagerJobIssueReportViewModel.swift */ = {isa = PBXFileReference; lastKnownFileType = sourcecode.swift; path = Elevate/ViewModels/ManagerJobIssueReportViewModel.swift; sourceTree = SOURCE_ROOT; };
		9A050E8B993E44DABCC2F949 /* Elevate/Services/LocationService.swift */ = {isa = PBXFileReference; lastKnownFileType = sourcecode.swift; path = Elevate/Services/LocationService.swift; sourceTree = SOURCE_ROOT; };
		9DC386E7D9FD4048AA5133B6 /* Elevate/Views/Jobs/JobListView.swift */ = {isa = PBXFileReference; lastKnownFileType = sourcecode.swift; path = Elevate/Views/Jobs/JobListView.swift; sourceTree = SOURCE_ROOT; };
		A166FE13507645FA881469D0 /* Elevate/Views/Profile/ManagerOrganizationView.swift */ = {isa = PBXFileReference; lastKnownFileType = sourcecode.swift; path = Elevate/Views/Profile/ManagerOrganizationView.swift; sourceTree = SOURCE_ROOT; };
		A8310FE440E346619CC68E28 /* Elevate/Views/Map/ManagerMapView.swift */ = {isa = PBXFileReference; lastKnownFileType = sourcecode.swift; path = Elevate/Views/Map/ManagerMapView.swift; sourceTree = SOURCE_ROOT; };
		AD4D5246541842639AC133FE /* Elevate/Views/Jobs/ManagerJobListView.swift */ = {isa = PBXFileReference; lastKnownFileType = sourcecode.swift; path = Elevate/Views/Jobs/ManagerJobListView.swift; sourceTree = SOURCE_ROOT; };
		B90D3C8AA53542439CF5DF99 /* Elevate/Views/Dashboard/ManagerMainTabView.swift */ = {isa = PBXFileReference; lastKnownFileType = sourcecode.swift; path = Elevate/Views/Dashboard/ManagerMainTabView.swift; sourceTree = SOURCE_ROOT; };
		B9D464E86F154CD3AAD64104 /* Elevate/ViewModels/JobsViewModel.swift */ = {isa = PBXFileReference; lastKnownFileType = sourcecode.swift; path = Elevate/ViewModels/JobsViewModel.swift; sourceTree = SOURCE_ROOT; };
		BA0E15A0A7434D83BDF594F7 /* Elevate/Views/Jobs/QuotationStatusView.swift */ = {isa = PBXFileReference; lastKnownFileType = sourcecode.swift; path = Elevate/Views/Jobs/QuotationStatusView.swift; sourceTree = SOURCE_ROOT; };
		BA3D60B8553B44828D00DCFD /* Elevate/Core/AccessibilityManager.swift */ = {isa = PBXFileReference; lastKnownFileType = sourcecode.swift; path = Elevate/Core/AccessibilityManager.swift; sourceTree = SOURCE_ROOT; };
		BC08EBAA7A3A43C5A3BF019D /* Elevate/ViewModels/ManagerCreateJobViewModel.swift */ = {isa = PBXFileReference; lastKnownFileType = sourcecode.swift; path = Elevate/ViewModels/ManagerCreateJobViewModel.swift; sourceTree = SOURCE_ROOT; };
		BD70C7BAC3AF47D1BD94DE01 /* Elevate/Views/Auth/SignInView.swift */ = {isa = PBXFileReference; lastKnownFileType = sourcecode.swift; path = Elevate/Views/Auth/SignInView.swift; sourceTree = SOURCE_ROOT; };
		C3A8985A235E4511A437B04F /* Elevate/Models/NotificationItem.swift */ = {isa = PBXFileReference; lastKnownFileType = sourcecode.swift; path = Elevate/Models/NotificationItem.swift; sourceTree = SOURCE_ROOT; };
		C6E38DCBC7E344A3868EBCC1 /* Elevate/Views/Jobs/ManagerJobDetailsView.swift */ = {isa = PBXFileReference; lastKnownFileType = sourcecode.swift; path = Elevate/Views/Jobs/ManagerJobDetailsView.swift; sourceTree = SOURCE_ROOT; };
		C7C8F638F779405EA712F967 /* Elevate/ViewModels/MapViewModel.swift */ = {isa = PBXFileReference; lastKnownFileType = sourcecode.swift; path = Elevate/ViewModels/MapViewModel.swift; sourceTree = SOURCE_ROOT; };
		CDE0A3A91F104E7E8571FBBE /* Elevate/Core/AppSession.swift */ = {isa = PBXFileReference; lastKnownFileType = sourcecode.swift; path = Elevate/Core/AppSession.swift; sourceTree = SOURCE_ROOT; };
		D10322620E5C4529ADFA3E5C /* Elevate/ViewModels/StatisticsViewModel.swift */ = {isa = PBXFileReference; lastKnownFileType = sourcecode.swift; path = Elevate/ViewModels/StatisticsViewModel.swift; sourceTree = SOURCE_ROOT; };
		D271FC7212AC442A8B2D3F8B /* Elevate/Views/Dashboard/ManagerCalendarView.swift */ = {isa = PBXFileReference; lastKnownFileType = sourcecode.swift; path = Elevate/Views/Dashboard/ManagerCalendarView.swift; sourceTree = SOURCE_ROOT; };
		D27D94DD75514E959D2FE854 /* Elevate/Views/Profile/ManagerAddMemberView.swift */ = {isa = PBXFileReference; lastKnownFileType = sourcecode.swift; path = Elevate/Views/Profile/ManagerAddMemberView.swift; sourceTree = SOURCE_ROOT; };
		D5A56BA57BB24C048016C960 /* Elevate/ViewModels/ProfileViewModel.swift */ = {isa = PBXFileReference; lastKnownFileType = sourcecode.swift; path = Elevate/ViewModels/ProfileViewModel.swift; sourceTree = SOURCE_ROOT; };
		DBA6EB5CE35043C9B51EB779 /* Elevate/Views/Jobs/ManagerCreateJobView.swift */ = {isa = PBXFileReference; lastKnownFileType = sourcecode.swift; path = Elevate/Views/Jobs/ManagerCreateJobView.swift; sourceTree = SOURCE_ROOT; };
		E07557B567814CE0A0B08A3D /* Elevate/Services/FirebaseService.swift */ = {isa = PBXFileReference; lastKnownFileType = sourcecode.swift; path = Elevate/Services/FirebaseService.swift; sourceTree = SOURCE_ROOT; };
		E0E8BEF0A3A14786851DF735 /* Elevate/Models/IssueReport.swift */ = {isa = PBXFileReference; lastKnownFileType = sourcecode.swift; path = Elevate/Models/IssueReport.swift; sourceTree = SOURCE_ROOT; };
		E2661D0B2F9CB2E300386075 /* ElevateWidgetExtension.appex */ = {isa = PBXFileReference; explicitFileType = "wrapper.app-extension"; includeInIndex = 0; path = ElevateWidgetExtension.appex; sourceTree = BUILT_PRODUCTS_DIR; };
		E2661D0D2F9CB2E300386075 /* WidgetKit.framework */ = {isa = PBXFileReference; lastKnownFileType = wrapper.framework; name = WidgetKit.framework; path = System/Library/Frameworks/WidgetKit.framework; sourceTree = SDKROOT; };
		E2661D0F2F9CB2E300386075 /* SwiftUI.framework */ = {isa = PBXFileReference; lastKnownFileType = wrapper.framework; name = SwiftUI.framework; path = System/Library/Frameworks/SwiftUI.framework; sourceTree = SDKROOT; };
		E2661D292F9CB4C500386075 /* ElevateWidgetExtension.entitlements */ = {isa = PBXFileReference; lastKnownFileType = text.plist.entitlements; path = ElevateWidgetExtension.entitlements; sourceTree = "<group>"; };
		E3D36D696562477F9CAAD9D9 /* Elevate/ViewModels/ForgotPasswordViewModel.swift */ = {isa = PBXFileReference; lastKnownFileType = sourcecode.swift; path = Elevate/ViewModels/ForgotPasswordViewModel.swift; sourceTree = SOURCE_ROOT; };
		E71065595E664CF49A7E9693 /* Elevate/Views/Profile/ManagerEditProfileView.swift */ = {isa = PBXFileReference; lastKnownFileType = sourcecode.swift; path = Elevate/Views/Profile/ManagerEditProfileView.swift; sourceTree = SOURCE_ROOT; };
		E85A6C7E41D4488A884EAA3F /* Elevate/ViewModels/ManagerQuotationApprovalViewModel.swift */ = {isa = PBXFileReference; lastKnownFileType = sourcecode.swift; path = Elevate/ViewModels/ManagerQuotationApprovalViewModel.swift; sourceTree = SOURCE_ROOT; };
		E87305C2E4134482820C4A7E /* Elevate/Views/Dashboard/TechnicianDashboardView.swift */ = {isa = PBXFileReference; lastKnownFileType = sourcecode.swift; path = Elevate/Views/Dashboard/TechnicianDashboardView.swift; sourceTree = SOURCE_ROOT; };
		E8DBFB23765B4C8196B5E9E7 /* Elevate/Services/SessionStore.swift */ = {isa = PBXFileReference; lastKnownFileType = sourcecode.swift; path = Elevate/Services/SessionStore.swift; sourceTree = SOURCE_ROOT; };
		E9220D097DC349C3A5E90F5E /* Elevate/Views/Profile/ManagerProfileView.swift */ = {isa = PBXFileReference; lastKnownFileType = sourcecode.swift; path = Elevate/Views/Profile/ManagerProfileView.swift; sourceTree = SOURCE_ROOT; };
		E9853925B2D64B32BB574A8A /* Elevate/ViewModels/ManagerOrganizationViewModel.swift */ = {isa = PBXFileReference; lastKnownFileType = sourcecode.swift; path = Elevate/ViewModels/ManagerOrganizationViewModel.swift; sourceTree = SOURCE_ROOT; };
		EA2F33D86D464CFDA6B0375D /* Elevate/Views/Shared/PhotoPreview.swift */ = {isa = PBXFileReference; lastKnownFileType = sourcecode.swift; path = Elevate/Views/Shared/PhotoPreview.swift; sourceTree = SOURCE_ROOT; };
		EBFC923437FA4966A0DEE1C9 /* Elevate/Views/Dashboard/TechnicianCalendarView.swift */ = {isa = PBXFileReference; lastKnownFileType = sourcecode.swift; path = Elevate/Views/Dashboard/TechnicianCalendarView.swift; sourceTree = SOURCE_ROOT; };
		ECCDAA7B62FC49A6ADF68E3C /* Elevate/Core/ElevateApp.swift */ = {isa = PBXFileReference; lastKnownFileType = sourcecode.swift; path = Elevate/Core/ElevateApp.swift; sourceTree = SOURCE_ROOT; };
		F45533A49BF745B18373380A /* Elevate/Views/Shared/CameraCaptureView.swift */ = {isa = PBXFileReference; lastKnownFileType = sourcecode.swift; path = Elevate/Views/Shared/CameraCaptureView.swift; sourceTree = SOURCE_ROOT; };
		F545C0903B294288A9E5927B /* Elevate/Views/Jobs/ManagerJobIssueReportView.swift */ = {isa = PBXFileReference; lastKnownFileType = sourcecode.swift; path = Elevate/Views/Jobs/ManagerJobIssueReportView.swift; sourceTree = SOURCE_ROOT; };
		F5D87147203E4A859869EECB /* Elevate/Services/SyncManager.swift */ = {isa = PBXFileReference; lastKnownFileType = sourcecode.swift; path = Elevate/Services/SyncManager.swift; sourceTree = SOURCE_ROOT; };
		F7BA7B05859044F193E7E2EC /* Elevate/Components/TechnicianBottomNav.swift */ = {isa = PBXFileReference; lastKnownFileType = sourcecode.swift; path = Elevate/Components/TechnicianBottomNav.swift; sourceTree = SOURCE_ROOT; };
		FA3B4E7BB5B44EA0B988321E /* Elevate/Models/InventoryItem.swift */ = {isa = PBXFileReference; lastKnownFileType = sourcecode.swift; path = Elevate/Models/InventoryItem.swift; sourceTree = SOURCE_ROOT; };
		FBA06FDCB1FA473F826A7DC7 /* Elevate/Views/Profile/ManagerMembersView.swift */ = {isa = PBXFileReference; lastKnownFileType = sourcecode.swift; path = Elevate/Views/Profile/ManagerMembersView.swift; sourceTree = SOURCE_ROOT; };
		FE3C061798294DC0AFBAD77E /* Elevate/ViewModels/SignUpViewModel.swift */ = {isa = PBXFileReference; lastKnownFileType = sourcecode.swift; path = Elevate/ViewModels/SignUpViewModel.swift; sourceTree = SOURCE_ROOT; };
		FE55864289C14FFFA1F44AAC /* Elevate/Models/User.swift */ = {isa = PBXFileReference; lastKnownFileType = sourcecode.swift; path = Elevate/Models/User.swift; sourceTree = SOURCE_ROOT; };
		FE6231DEC7BE41068C0D1482 /* Elevate/ViewModels/ManagerMembersViewModel.swift */ = {isa = PBXFileReference; lastKnownFileType = sourcecode.swift; path = Elevate/ViewModels/ManagerMembersViewModel.swift; sourceTree = SOURCE_ROOT; };
/* End PBXFileReference section */

/* Begin PBXFileSystemSynchronizedBuildFileExceptionSet section */
		E2661D202F9CB2E500386075 /* Exceptions for "ElevateWidget" folder in "ElevateWidgetExtension" target */ = {
			isa = PBXFileSystemSynchronizedBuildFileExceptionSet;
			membershipExceptions = (
				Info.plist,
			);
			target = E2661D0A2F9CB2E300386075 /* ElevateWidgetExtension */;
		};
		E2661D252F9CB31200386075 /* Exceptions for "Elevate" folder in "Elevate" target */ = {
			isa = PBXFileSystemSynchronizedBuildFileExceptionSet;
			membershipExceptions = (
				Widget/SmartNavigationWidget.swift,
			);
			target = 642B88A72F7A6D23000ECE2C /* Elevate */;
		};
		E2661D272F9CB31600386075 /* Exceptions for "Elevate" folder in "ElevateWidgetExtension" target */ = {
			isa = PBXFileSystemSynchronizedBuildFileExceptionSet;
			membershipExceptions = (
				CoreData/ElevateModel.xcdatamodeld,
				Widget/SmartNavigationWidget.swift,
			);
			target = E2661D0A2F9CB2E300386075 /* ElevateWidgetExtension */;
		};
/* End PBXFileSystemSynchronizedBuildFileExceptionSet section */

/* Begin PBXFileSystemSynchronizedRootGroup section */
		642B88AA2F7A6D23000ECE2C /* Elevate */ = {
			isa = PBXFileSystemSynchronizedRootGroup;
			exceptions = (
				E2661D252F9CB31200386075 /* Exceptions for "Elevate" folder in "Elevate" target */,
				E2661D272F9CB31600386075 /* Exceptions for "Elevate" folder in "ElevateWidgetExtension" target */,
			);
			path = Elevate;
			sourceTree = "<group>";
		};
		E2661D112F9CB2E300386075 /* ElevateWidget */ = {
			isa = PBXFileSystemSynchronizedRootGroup;
			exceptions = (
				E2661D202F9CB2E500386075 /* Exceptions for "ElevateWidget" folder in "ElevateWidgetExtension" target */,
			);
			path = ElevateWidget;
			sourceTree = "<group>";
		};
/* End PBXFileSystemSynchronizedRootGroup section */

/* Begin PBXFrameworksBuildPhase section */
		642B88A52F7A6D23000ECE2C /* Frameworks */ = {
			isa = PBXFrameworksBuildPhase;
			buildActionMask = 2147483647;
			files = (
				64630D8E2F960D820000BD2C /* FirebaseMessaging in Frameworks */,
				64630D8D2F960D820000BD2C /* FirebaseFirestore in Frameworks */,
				64630D8C2F960D820000BD2C /* FirebaseCore in Frameworks */,
				64630D8B2F960D820000BD2C /* FirebaseAuth in Frameworks */,
			);
			runOnlyForDeploymentPostprocessing = 0;
		};
		E2661D082F9CB2E300386075 /* Frameworks */ = {
			isa = PBXFrameworksBuildPhase;
			buildActionMask = 2147483647;
			files = (
				E2661D102F9CB2E300386075 /* SwiftUI.framework in Frameworks */,
				E2661D0E2F9CB2E300386075 /* WidgetKit.framework in Frameworks */,
			);
			runOnlyForDeploymentPostprocessing = 0;
		};
/* End PBXFrameworksBuildPhase section */

/* Begin PBXGroup section */
		642B889F2F7A6D22000ECE2C = {
			isa = PBXGroup;
			children = (
				E2661D292F9CB4C500386075 /* ElevateWidgetExtension.entitlements */,
				642B88AA2F7A6D23000ECE2C /* Elevate */,
				E2661D112F9CB2E300386075 /* ElevateWidget */,
				E2661D0C2F9CB2E300386075 /* Frameworks */,
				642B88A92F7A6D23000ECE2C /* Products */,
				645427962F87535D0087E383 /* Recovered References */,
			);
			sourceTree = "<group>";
		};
		642B88A92F7A6D23000ECE2C /* Products */ = {
			isa = PBXGroup;
			children = (
				642B88A82F7A6D23000ECE2C /* Elevate.app */,
				E2661D0B2F9CB2E300386075 /* ElevateWidgetExtension.appex */,
			);
			name = Products;
			sourceTree = "<group>";
		};
		645427962F87535D0087E383 /* Recovered References */ = {
			isa = PBXGroup;
			children = (
				50FA0227F1A7432F8942A530 /* Elevate/Components/AccessibleComponents.swift */,
				589DD542E06F4704B99B612E /* Elevate/Components/Components.swift */,
				4507000CE1864F8C89B02E3E /* Elevate/Components/HeaderNavComponents.swift */,
				75E5F258036A4EEE8C85EC7B /* Elevate/Components/ManagerBottomNav.swift */,
				F7BA7B05859044F193E7E2EC /* Elevate/Components/TechnicianBottomNav.swift */,
				BA3D60B8553B44828D00DCFD /* Elevate/Core/AccessibilityManager.swift */,
				CDE0A3A91F104E7E8571FBBE /* Elevate/Core/AppSession.swift */,
				974E1375789D4F67941696E0 /* Elevate/Core/ContentView.swift */,
				ECCDAA7B62FC49A6ADF68E3C /* Elevate/Core/ElevateApp.swift */,
				2211F45FF4CE41D5AAE87BF1 /* Elevate/Core/ManagerTabRouter.swift */,
				734D12B88A3B4184A78D7898 /* Elevate/Extensions/Color+Extensions.swift */,
				FA3B4E7BB5B44EA0B988321E /* Elevate/Models/InventoryItem.swift */,
				E0E8BEF0A3A14786851DF735 /* Elevate/Models/IssueReport.swift */,
				46936FECB97645D096D8002C /* Elevate/Models/Job.swift */,
				C3A8985A235E4511A437B04F /* Elevate/Models/NotificationItem.swift */,
				927D6E43B98B411AA0EA9B4E /* Elevate/Models/OrganizationDetails.swift */,
				77933BC7A9AE427DA9F6E541 /* Elevate/Models/PendingAction.swift */,
				4988B6A6BB6741E0A76C8BCC /* Elevate/Models/QuotationItem.swift */,
				FE55864289C14FFFA1F44AAC /* Elevate/Models/User.swift */,
				2EE769FAF12244AF9CA29084 /* Elevate/Services/CoreDataStack.swift */,
				E07557B567814CE0A0B08A3D /* Elevate/Services/FirebaseService.swift */,
				2FA12AFE31E446D5BB1D62DA /* Elevate/Services/LocalStorageService.swift */,
				9A050E8B993E44DABCC2F949 /* Elevate/Services/LocationService.swift */,
				0E996191E8404D22841C0B60 /* Elevate/Services/NetworkService.swift */,
				06ACE687F6674931AF7949E9 /* Elevate/Services/NotificationService.swift */,
				E8DBFB23765B4C8196B5E9E7 /* Elevate/Services/SessionStore.swift */,
				F5D87147203E4A859869EECB /* Elevate/Services/SyncManager.swift */,
				6214203131A74F9B948F584F /* Elevate/ViewModels/AccessibilityViewModel.swift */,
				53112575E85041E0AD21A715 /* Elevate/ViewModels/CalendarViewModel.swift */,
				71D0140B9FD9450BBD9F7C57 /* Elevate/ViewModels/DashboardViewModel.swift */,
				E3D36D696562477F9CAAD9D9 /* Elevate/ViewModels/ForgotPasswordViewModel.swift */,
				70A648BE49F845FC824E8247 /* Elevate/ViewModels/InventoryViewModel.swift */,
				34DD2D31A979421BB498B94A /* Elevate/ViewModels/JobDetailsViewModel.swift */,
				43F43AC58A594E0AAE1201A7 /* Elevate/ViewModels/JobIssueReportViewModel.swift */,
				B9D464E86F154CD3AAD64104 /* Elevate/ViewModels/JobsViewModel.swift */,
				462B7F73DC4945E7AD5C6679 /* Elevate/ViewModels/ManagerAddMemberViewModel.swift */,
				BC08EBAA7A3A43C5A3BF019D /* Elevate/ViewModels/ManagerCreateJobViewModel.swift */,
				46D79EAA08584D57AC8EE0D7 /* Elevate/ViewModels/ManagerEditProfileViewModel.swift */,
				97B36A6996844051948997BF /* Elevate/ViewModels/ManagerJobIssueReportViewModel.swift */,
				FE6231DEC7BE41068C0D1482 /* Elevate/ViewModels/ManagerMembersViewModel.swift */,
				E9853925B2D64B32BB574A8A /* Elevate/ViewModels/ManagerOrganizationViewModel.swift */,
				E85A6C7E41D4488A884EAA3F /* Elevate/ViewModels/ManagerQuotationApprovalViewModel.swift */,
				C7C8F638F779405EA712F967 /* Elevate/ViewModels/MapViewModel.swift */,
				33AC1668235A48EEAFB080DE /* Elevate/ViewModels/NotificationsViewModel.swift */,
				D5A56BA57BB24C048016C960 /* Elevate/ViewModels/ProfileViewModel.swift */,
				3B382B631A5C422E90453D11 /* Elevate/ViewModels/QuotationStatusViewModel.swift */,
				2A08DAC5EFD0433E90FBDB3D /* Elevate/ViewModels/SignInViewModel.swift */,
				FE3C061798294DC0AFBAD77E /* Elevate/ViewModels/SignUpViewModel.swift */,
				D10322620E5C4529ADFA3E5C /* Elevate/ViewModels/StatisticsViewModel.swift */,
				617A587FDAEF4935B14D2A56 /* Elevate/Views/Auth/ForgotPasswordView.swift */,
				BD70C7BAC3AF47D1BD94DE01 /* Elevate/Views/Auth/SignInView.swift */,
				32768371948C46CAA4444BF3 /* Elevate/Views/Auth/SignUpView.swift */,
				62555E45323E46EABB18999E /* Elevate/Views/Auth/SplashScreenView.swift */,
				00B56BE8583F46BCBDE9FB4C /* Elevate/Views/Dashboard/EventEditViewController.swift */,
				29AF9C270F27486DB5EC67EE /* Elevate/Views/Dashboard/MainTabView.swift */,
				D271FC7212AC442A8B2D3F8B /* Elevate/Views/Dashboard/ManagerCalendarView.swift */,
				5E40DA9F81394B05949A085F /* Elevate/Views/Dashboard/ManagerDashboardView.swift */,
				B90D3C8AA53542439CF5DF99 /* Elevate/Views/Dashboard/ManagerMainTabView.swift */,
				1FEEA4F9485B44468F571A5F /* Elevate/Views/Dashboard/ManagerNotificationsView.swift */,
				5343BEFA5DBA4A4199056692 /* Elevate/Views/Dashboard/ManagerStatisticsView.swift */,
				EBFC923437FA4966A0DEE1C9 /* Elevate/Views/Dashboard/TechnicianCalendarView.swift */,
				E87305C2E4134482820C4A7E /* Elevate/Views/Dashboard/TechnicianDashboardView.swift */,
				5BB777E3A4BD44AEA4051B61 /* Elevate/Views/Dashboard/TechnicianNotificationsView.swift */,
				6343010DFFF14DEC867B1121 /* Elevate/Views/Dashboard/TechnicianStatisticsView.swift */,
				65E634552CD04A64AA0DD3A2 /* Elevate/Views/Inventory/InventoryView.swift */,
				56A537049CED492B93939C00 /* Elevate/Views/Inventory/ManagerInventoryView.swift */,
				7DCA178AC53C437EB33595B2 /* Elevate/Views/Jobs/JobDetailsView.swift */,
				93AF331FD5C440049339CC6E /* Elevate/Views/Jobs/JobIssueReportView.swift */,
				9DC386E7D9FD4048AA5133B6 /* Elevate/Views/Jobs/JobListView.swift */,
				DBA6EB5CE35043C9B51EB779 /* Elevate/Views/Jobs/ManagerCreateJobView.swift */,
				C6E38DCBC7E344A3868EBCC1 /* Elevate/Views/Jobs/ManagerJobDetailsView.swift */,
				F545C0903B294288A9E5927B /* Elevate/Views/Jobs/ManagerJobIssueReportView.swift */,
				AD4D5246541842639AC133FE /* Elevate/Views/Jobs/ManagerJobListView.swift */,
				04B1118853164DC6A540AFD5 /* Elevate/Views/Jobs/ManagerQuotationApprovalView.swift */,
				BA0E15A0A7434D83BDF594F7 /* Elevate/Views/Jobs/QuotationStatusView.swift */,
				A8310FE440E346619CC68E28 /* Elevate/Views/Map/ManagerMapView.swift */,
				622F1C6B45B44EB2B0807F3A /* Elevate/Views/Map/TechnicianMapView.swift */,
				585520F937EC4AA0B7FE1494 /* Elevate/Views/Profile/ManagerAccessibilityView.swift */,
				D27D94DD75514E959D2FE854 /* Elevate/Views/Profile/ManagerAddMemberView.swift */,
				E71065595E664CF49A7E9693 /* Elevate/Views/Profile/ManagerEditProfileView.swift */,
				FBA06FDCB1FA473F826A7DC7 /* Elevate/Views/Profile/ManagerMembersView.swift */,
				A166FE13507645FA881469D0 /* Elevate/Views/Profile/ManagerOrganizationView.swift */,
				E9220D097DC349C3A5E90F5E /* Elevate/Views/Profile/ManagerProfileView.swift */,
				2A1E0D5098304A2789222337 /* Elevate/Views/Profile/TechnicianAccessibilityView.swift */,
				22B0D25D64EE4ABA9066F3A5 /* Elevate/Views/Profile/TechnicianProfileView.swift */,
				F45533A49BF745B18373380A /* Elevate/Views/Shared/CameraCaptureView.swift */,
				EA2F33D86D464CFDA6B0375D /* Elevate/Views/Shared/PhotoPreview.swift */,
			);
			name = "Recovered References";
			sourceTree = "<group>";
		};
		E2661D0C2F9CB2E300386075 /* Frameworks */ = {
			isa = PBXGroup;
			children = (
				E2661D0D2F9CB2E300386075 /* WidgetKit.framework */,
				E2661D0F2F9CB2E300386075 /* SwiftUI.framework */,
			);
			name = Frameworks;
			sourceTree = "<group>";
		};
/* End PBXGroup section */

/* Begin PBXNativeTarget section */
		642B88A72F7A6D23000ECE2C /* Elevate */ = {
			isa = PBXNativeTarget;
			buildConfigurationList = 642B88B32F7A6D24000ECE2C /* Build configuration list for PBXNativeTarget "Elevate" */;
			buildPhases = (
				642B88A42F7A6D23000ECE2C /* Sources */,
				642B88A52F7A6D23000ECE2C /* Frameworks */,
				642B88A62F7A6D23000ECE2C /* Resources */,
				E2661D242F9CB2E500386075 /* Embed Foundation Extensions */,
			);
			buildRules = (
			);
			dependencies = (
				E2661D1E2F9CB2E500386075 /* PBXTargetDependency */,
			);
			fileSystemSynchronizedGroups = (
				642B88AA2F7A6D23000ECE2C /* Elevate */,
			);
			name = Elevate;
			packageProductDependencies = (
				6452779C2F82802D0008744D /* FirebaseAuth */,
				6452779E2F82802D0008744D /* FirebaseCore */,
				645277A02F82802D0008744D /* FirebaseFirestore */,
				645277A22F82802D0008744D /* FirebaseMessaging */,
			);
			productName = Elevate;
			productReference = 642B88A82F7A6D23000ECE2C /* Elevate.app */;
			productType = "com.apple.product-type.application";
		};
		E2661D0A2F9CB2E300386075 /* ElevateWidgetExtension */ = {
			isa = PBXNativeTarget;
			buildConfigurationList = E2661D212F9CB2E500386075 /* Build configuration list for PBXNativeTarget "ElevateWidgetExtension" */;
			buildPhases = (
				E2661D072F9CB2E300386075 /* Sources */,
				E2661D082F9CB2E300386075 /* Frameworks */,
				E2661D092F9CB2E300386075 /* Resources */,
			);
			buildRules = (
			);
			dependencies = (
			);
			fileSystemSynchronizedGroups = (
				E2661D112F9CB2E300386075 /* ElevateWidget */,
			);
			name = ElevateWidgetExtension;
			packageProductDependencies = (
			);
			productName = ElevateWidgetExtension;
			productReference = E2661D0B2F9CB2E300386075 /* ElevateWidgetExtension.appex */;
			productType = "com.apple.product-type.app-extension";
		};
/* End PBXNativeTarget section */

/* Begin PBXProject section */
		642B88A02F7A6D23000ECE2C /* Project object */ = {
			isa = PBXProject;
			attributes = {
				BuildIndependentTargetsInParallel = 1;
				LastSwiftUpdateCheck = 2620;
				LastUpgradeCheck = 2620;
				TargetAttributes = {
					642B88A72F7A6D23000ECE2C = {
						CreatedOnToolsVersion = 26.2;
					};
					E2661D0A2F9CB2E300386075 = {
						CreatedOnToolsVersion = 26.2;
					};
				};
			};
			buildConfigurationList = 642B88A32F7A6D23000ECE2C /* Build configuration list for PBXProject "Elevate" */;
			developmentRegion = en;
			hasScannedForEncodings = 0;
			knownRegions = (
				en,
				Base,
			);
			mainGroup = 642B889F2F7A6D22000ECE2C;
			minimizedProjectReferenceProxies = 1;
			packageReferences = (
				6452779B2F82802C0008744D /* XCRemoteSwiftPackageReference "firebase-ios-sdk" */,
			);
			preferredProjectObjectVersion = 77;
			productRefGroup = 642B88A92F7A6D23000ECE2C /* Products */;
			projectDirPath = "";
			projectRoot = "";
			targets = (
				642B88A72F7A6D23000ECE2C /* Elevate */,
				E2661D0A2F9CB2E300386075 /* ElevateWidgetExtension */,
			);
		};
/* End PBXProject section */

/* Begin PBXResourcesBuildPhase section */
		642B88A62F7A6D23000ECE2C /* Resources */ = {
			isa = PBXResourcesBuildPhase;
			buildActionMask = 2147483647;
			files = (
			);
			runOnlyForDeploymentPostprocessing = 0;
		};
		E2661D092F9CB2E300386075 /* Resources */ = {
			isa = PBXResourcesBuildPhase;
			buildActionMask = 2147483647;
			files = (
			);
			runOnlyForDeploymentPostprocessing = 0;
		};
/* End PBXResourcesBuildPhase section */

/* Begin PBXSourcesBuildPhase section */
		642B88A42F7A6D23000ECE2C /* Sources */ = {
			isa = PBXSourcesBuildPhase;
			buildActionMask = 2147483647;
			files = (
			);
			runOnlyForDeploymentPostprocessing = 0;
		};
		E2661D072F9CB2E300386075 /* Sources */ = {
			isa = PBXSourcesBuildPhase;
			buildActionMask = 2147483647;
			files = (
			);
			runOnlyForDeploymentPostprocessing = 0;
		};
/* End PBXSourcesBuildPhase section */

/* Begin PBXTargetDependency section */
		E2661D1E2F9CB2E500386075 /* PBXTargetDependency */ = {
			isa = PBXTargetDependency;
			target = E2661D0A2F9CB2E300386075 /* ElevateWidgetExtension */;
			targetProxy = E2661D1D2F9CB2E500386075 /* PBXContainerItemProxy */;
		};
/* End PBXTargetDependency section */

/* Begin XCBuildConfiguration section */
		642B88B12F7A6D24000ECE2C /* Debug */ = {
			isa = XCBuildConfiguration;
			buildSettings = {
				ALWAYS_SEARCH_USER_PATHS = NO;
				ASSETCATALOG_COMPILER_GENERATE_SWIFT_ASSET_SYMBOL_EXTENSIONS = YES;
				CLANG_ANALYZER_NONNULL = YES;
				CLANG_ANALYZER_NUMBER_OBJECT_CONVERSION = YES_AGGRESSIVE;
				CLANG_CXX_LANGUAGE_STANDARD = "gnu++20";
				CLANG_ENABLE_MODULES = YES;
				CLANG_ENABLE_OBJC_ARC = YES;
				CLANG_ENABLE_OBJC_WEAK = YES;
				CLANG_WARN_BLOCK_CAPTURE_AUTORELEASING = YES;
				CLANG_WARN_BOOL_CONVERSION = YES;
				CLANG_WARN_COMMA = YES;
				CLANG_WARN_CONSTANT_CONVERSION = YES;
				CLANG_WARN_DEPRECATED_OBJC_IMPLEMENTATIONS = YES;
				CLANG_WARN_DIRECT_OBJC_ISA_USAGE = YES_ERROR;
				CLANG_WARN_DOCUMENTATION_COMMENTS = YES;
				CLANG_WARN_EMPTY_BODY = YES;
				CLANG_WARN_ENUM_CONVERSION = YES;
				CLANG_WARN_INFINITE_RECURSION = YES;
				CLANG_WARN_INT_CONVERSION = YES;
				CLANG_WARN_NON_LITERAL_NULL_CONVERSION = YES;
				CLANG_WARN_OBJC_IMPLICIT_RETAIN_SELF = YES;
				CLANG_WARN_OBJC_LITERAL_CONVERSION = YES;
				CLANG_WARN_OBJC_ROOT_CLASS = YES_ERROR;
				CLANG_WARN_QUOTED_INCLUDE_IN_FRAMEWORK_HEADER = YES;
				CLANG_WARN_RANGE_LOOP_ANALYSIS = YES;
				CLANG_WARN_STRICT_PROTOTYPES = YES;
				CLANG_WARN_SUSPICIOUS_MOVE = YES;
				CLANG_WARN_UNGUARDED_AVAILABILITY = YES_AGGRESSIVE;
				CLANG_WARN_UNREACHABLE_CODE = YES;
				CLANG_WARN__DUPLICATE_METHOD_MATCH = YES;
				COPY_PHASE_STRIP = NO;
				DEBUG_INFORMATION_FORMAT = dwarf;
				ENABLE_STRICT_OBJC_MSGSEND = YES;
				ENABLE_TESTABILITY = YES;
				ENABLE_USER_SCRIPT_SANDBOXING = YES;
				GCC_C_LANGUAGE_STANDARD = gnu17;
				GCC_DYNAMIC_NO_PIC = NO;
				GCC_NO_COMMON_BLOCKS = YES;
				GCC_OPTIMIZATION_LEVEL = 0;
				GCC_PREPROCESSOR_DEFINITIONS = (
					"DEBUG=1",
					"$(inherited)",
				);
				GCC_WARN_64_TO_32_BIT_CONVERSION = YES;
				GCC_WARN_ABOUT_RETURN_TYPE = YES_ERROR;
				GCC_WARN_UNDECLARED_SELECTOR = YES;
				GCC_WARN_UNINITIALIZED_AUTOS = YES_AGGRESSIVE;
				GCC_WARN_UNUSED_FUNCTION = YES;
				GCC_WARN_UNUSED_VARIABLE = YES;
				IPHONEOS_DEPLOYMENT_TARGET = 26.2;
				LOCALIZATION_PREFERS_STRING_CATALOGS = YES;
				MTL_ENABLE_DEBUG_INFO = INCLUDE_SOURCE;
				MTL_FAST_MATH = YES;
				ONLY_ACTIVE_ARCH = YES;
				SDKROOT = iphoneos;
				SWIFT_ACTIVE_COMPILATION_CONDITIONS = "DEBUG $(inherited)";
				SWIFT_OPTIMIZATION_LEVEL = "-Onone";
			};
			name = Debug;
		};
		642B88B22F7A6D24000ECE2C /* Release */ = {
			isa = XCBuildConfiguration;
			buildSettings = {
				ALWAYS_SEARCH_USER_PATHS = NO;
				ASSETCATALOG_COMPILER_GENERATE_SWIFT_ASSET_SYMBOL_EXTENSIONS = YES;
				CLANG_ANALYZER_NONNULL = YES;
				CLANG_ANALYZER_NUMBER_OBJECT_CONVERSION = YES_AGGRESSIVE;
				CLANG_CXX_LANGUAGE_STANDARD = "gnu++20";
				CLANG_ENABLE_MODULES = YES;
				CLANG_ENABLE_OBJC_ARC = YES;
				CLANG_ENABLE_OBJC_WEAK = YES;
				CLANG_WARN_BLOCK_CAPTURE_AUTORELEASING = YES;
				CLANG_WARN_BOOL_CONVERSION = YES;
				CLANG_WARN_COMMA = YES;
				CLANG_WARN_CONSTANT_CONVERSION = YES;
				CLANG_WARN_DEPRECATED_OBJC_IMPLEMENTATIONS = YES;
				CLANG_WARN_DIRECT_OBJC_ISA_USAGE = YES_ERROR;
				CLANG_WARN_DOCUMENTATION_COMMENTS = YES;
				CLANG_WARN_EMPTY_BODY = YES;
				CLANG_WARN_ENUM_CONVERSION = YES;
				CLANG_WARN_INFINITE_RECURSION = YES;
				CLANG_WARN_INT_CONVERSION = YES;
				CLANG_WARN_NON_LITERAL_NULL_CONVERSION = YES;
				CLANG_WARN_OBJC_IMPLICIT_RETAIN_SELF = YES;
				CLANG_WARN_OBJC_LITERAL_CONVERSION = YES;
				CLANG_WARN_OBJC_ROOT_CLASS = YES_ERROR;
				CLANG_WARN_QUOTED_INCLUDE_IN_FRAMEWORK_HEADER = YES;
				CLANG_WARN_RANGE_LOOP_ANALYSIS = YES;
				CLANG_WARN_STRICT_PROTOTYPES = YES;
				CLANG_WARN_SUSPICIOUS_MOVE = YES;
				CLANG_WARN_UNGUARDED_AVAILABILITY = YES_AGGRESSIVE;
				CLANG_WARN_UNREACHABLE_CODE = YES;
				CLANG_WARN__DUPLICATE_METHOD_MATCH = YES;
				COPY_PHASE_STRIP = NO;
				DEBUG_INFORMATION_FORMAT = "dwarf-with-dsym";
				ENABLE_NS_ASSERTIONS = NO;
				ENABLE_STRICT_OBJC_MSGSEND = YES;
				ENABLE_USER_SCRIPT_SANDBOXING = YES;
				GCC_C_LANGUAGE_STANDARD = gnu17;
				GCC_NO_COMMON_BLOCKS = YES;
				GCC_WARN_64_TO_32_BIT_CONVERSION = YES;
				GCC_WARN_ABOUT_RETURN_TYPE = YES_ERROR;
				GCC_WARN_UNDECLARED_SELECTOR = YES;
				GCC_WARN_UNINITIALIZED_AUTOS = YES_AGGRESSIVE;
				GCC_WARN_UNUSED_FUNCTION = YES;
				GCC_WARN_UNUSED_VARIABLE = YES;
				IPHONEOS_DEPLOYMENT_TARGET = 26.2;
				LOCALIZATION_PREFERS_STRING_CATALOGS = YES;
				MTL_ENABLE_DEBUG_INFO = NO;
				MTL_FAST_MATH = YES;
				SDKROOT = iphoneos;
				SWIFT_COMPILATION_MODE = wholemodule;
				VALIDATE_PRODUCT = YES;
			};
			name = Release;
		};
		642B88B42F7A6D24000ECE2C /* Debug */ = {
			isa = XCBuildConfiguration;
			buildSettings = {
				ASSETCATALOG_COMPILER_APPICON_NAME = AppIcon;
				ASSETCATALOG_COMPILER_GLOBAL_ACCENT_COLOR_NAME = AccentColor;
				CODE_SIGN_ENTITLEMENTS = Elevate/Elevate.entitlements;
				CODE_SIGN_STYLE = Automatic;
				CURRENT_PROJECT_VERSION = 1;
				DEVELOPMENT_TEAM = 376ZW43D8K;
				ENABLE_PREVIEWS = YES;
				GENERATE_INFOPLIST_FILE = YES;
				INFOPLIST_KEY_NSCalendarsFullAccessUsageDescription = "Allow full access to the calendar to schedule and view jobs.";
				INFOPLIST_KEY_NSCalendarsUsageDescription = "Allow access to the calendar to schedule and view jobs.";
				INFOPLIST_KEY_NSCameraUsageDescription = "Allow access to the camera to upload job photos.";
				INFOPLIST_KEY_NSFaceIDUsageDescription = "Log in securely using Face ID";
				INFOPLIST_KEY_NSLocationWhenInUseUsageDescription = "Allow access to your location to show job routes.";
				INFOPLIST_KEY_NSPhotoLibraryUsageDescription = "Allow access to the photo library to select job photos.";
				INFOPLIST_KEY_UIApplicationSceneManifest_Generation = YES;
				INFOPLIST_KEY_UIApplicationSupportsIndirectInputEvents = YES;
				INFOPLIST_KEY_UILaunchScreen_Generation = YES;
				INFOPLIST_KEY_UISupportedInterfaceOrientations_iPad = "UIInterfaceOrientationPortrait UIInterfaceOrientationPortraitUpsideDown UIInterfaceOrientationLandscapeLeft UIInterfaceOrientationLandscapeRight";
				INFOPLIST_KEY_UISupportedInterfaceOrientations_iPhone = "UIInterfaceOrientationPortrait UIInterfaceOrientationLandscapeLeft UIInterfaceOrientationLandscapeRight";
				LD_RUNPATH_SEARCH_PATHS = (
					"$(inherited)",
					"@executable_path/Frameworks",
				);
				MARKETING_VERSION = 1.0;
				PRODUCT_BUNDLE_IDENTIFIER = hennessy.Elevate;
				PRODUCT_NAME = "$(TARGET_NAME)";
				STRING_CATALOG_GENERATE_SYMBOLS = YES;
				SWIFT_APPROACHABLE_CONCURRENCY = YES;
				SWIFT_DEFAULT_ACTOR_ISOLATION = MainActor;
				SWIFT_EMIT_LOC_STRINGS = YES;
				SWIFT_UPCOMING_FEATURE_MEMBER_IMPORT_VISIBILITY = YES;
				SWIFT_VERSION = 5.0;
				TARGETED_DEVICE_FAMILY = "1,2";
			};
			name = Debug;
		};
		642B88B52F7A6D24000ECE2C /* Release */ = {
			isa = XCBuildConfiguration;
			buildSettings = {
				ASSETCATALOG_COMPILER_APPICON_NAME = AppIcon;
				ASSETCATALOG_COMPILER_GLOBAL_ACCENT_COLOR_NAME = AccentColor;
				CODE_SIGN_ENTITLEMENTS = Elevate/Elevate.entitlements;
				CODE_SIGN_STYLE = Automatic;
				CURRENT_PROJECT_VERSION = 1;
				DEVELOPMENT_TEAM = 376ZW43D8K;
				ENABLE_PREVIEWS = YES;
				GENERATE_INFOPLIST_FILE = YES;
				INFOPLIST_KEY_NSCalendarsFullAccessUsageDescription = "Allow full access to the calendar to schedule and view jobs.";
				INFOPLIST_KEY_NSCalendarsUsageDescription = "Allow access to the calendar to schedule and view jobs.";
				INFOPLIST_KEY_NSCameraUsageDescription = "Allow access to the camera to upload job photos.";
				INFOPLIST_KEY_NSFaceIDUsageDescription = "Log in securely using Face ID";
				INFOPLIST_KEY_NSLocationWhenInUseUsageDescription = "Allow access to your location to show job routes.";
				INFOPLIST_KEY_NSPhotoLibraryUsageDescription = "Allow access to the photo library to select job photos.";
				INFOPLIST_KEY_UIApplicationSceneManifest_Generation = YES;
				INFOPLIST_KEY_UIApplicationSupportsIndirectInputEvents = YES;
				INFOPLIST_KEY_UILaunchScreen_Generation = YES;
				INFOPLIST_KEY_UISupportedInterfaceOrientations_iPad = "UIInterfaceOrientationPortrait UIInterfaceOrientationPortraitUpsideDown UIInterfaceOrientationLandscapeLeft UIInterfaceOrientationLandscapeRight";
				INFOPLIST_KEY_UISupportedInterfaceOrientations_iPhone = "UIInterfaceOrientationPortrait UIInterfaceOrientationLandscapeLeft UIInterfaceOrientationLandscapeRight";
				LD_RUNPATH_SEARCH_PATHS = (
					"$(inherited)",
					"@executable_path/Frameworks",
				);
				MARKETING_VERSION = 1.0;
				PRODUCT_BUNDLE_IDENTIFIER = hennessy.Elevate;
				PRODUCT_NAME = "$(TARGET_NAME)";
				STRING_CATALOG_GENERATE_SYMBOLS = YES;
				SWIFT_APPROACHABLE_CONCURRENCY = YES;
				SWIFT_DEFAULT_ACTOR_ISOLATION = MainActor;
				SWIFT_EMIT_LOC_STRINGS = YES;
				SWIFT_UPCOMING_FEATURE_MEMBER_IMPORT_VISIBILITY = YES;
				SWIFT_VERSION = 5.0;
				TARGETED_DEVICE_FAMILY = "1,2";
			};
			name = Release;
		};
		E2661D222F9CB2E500386075 /* Debug */ = {
			isa = XCBuildConfiguration;
			buildSettings = {
				ASSETCATALOG_COMPILER_GLOBAL_ACCENT_COLOR_NAME = AccentColor;
				ASSETCATALOG_COMPILER_WIDGET_BACKGROUND_COLOR_NAME = WidgetBackground;
				CODE_SIGN_ENTITLEMENTS = ElevateWidgetExtension.entitlements;
				CODE_SIGN_STYLE = Automatic;
				CURRENT_PROJECT_VERSION = 1;
				DEVELOPMENT_TEAM = 376ZW43D8K;
				GENERATE_INFOPLIST_FILE = YES;
				INFOPLIST_FILE = ElevateWidget/Info.plist;
				INFOPLIST_KEY_CFBundleDisplayName = ElevateWidget;
				INFOPLIST_KEY_NSHumanReadableCopyright = "";
				LD_RUNPATH_SEARCH_PATHS = (
					"$(inherited)",
					"@executable_path/Frameworks",
					"@executable_path/../../Frameworks",
				);
				MARKETING_VERSION = 1.0;
				PRODUCT_BUNDLE_IDENTIFIER = hennessy.Elevate.ElevateWidget;
				PRODUCT_NAME = "$(TARGET_NAME)";
				SKIP_INSTALL = YES;
				STRING_CATALOG_GENERATE_SYMBOLS = YES;
				SWIFT_APPROACHABLE_CONCURRENCY = YES;
				SWIFT_EMIT_LOC_STRINGS = YES;
				SWIFT_UPCOMING_FEATURE_MEMBER_IMPORT_VISIBILITY = YES;
				SWIFT_VERSION = 5.0;
				TARGETED_DEVICE_FAMILY = "1,2";
			};
			name = Debug;
		};
		E2661D232F9CB2E500386075 /* Release */ = {
			isa = XCBuildConfiguration;
			buildSettings = {
				ASSETCATALOG_COMPILER_GLOBAL_ACCENT_COLOR_NAME = AccentColor;
				ASSETCATALOG_COMPILER_WIDGET_BACKGROUND_COLOR_NAME = WidgetBackground;
				CODE_SIGN_ENTITLEMENTS = ElevateWidgetExtension.entitlements;
				CODE_SIGN_STYLE = Automatic;
				CURRENT_PROJECT_VERSION = 1;
				DEVELOPMENT_TEAM = 376ZW43D8K;
				GENERATE_INFOPLIST_FILE = YES;
				INFOPLIST_FILE = ElevateWidget/Info.plist;
				INFOPLIST_KEY_CFBundleDisplayName = ElevateWidget;
				INFOPLIST_KEY_NSHumanReadableCopyright = "";
				LD_RUNPATH_SEARCH_PATHS = (
					"$(inherited)",
					"@executable_path/Frameworks",
					"@executable_path/../../Frameworks",
				);
				MARKETING_VERSION = 1.0;
				PRODUCT_BUNDLE_IDENTIFIER = hennessy.Elevate.ElevateWidget;
				PRODUCT_NAME = "$(TARGET_NAME)";
				SKIP_INSTALL = YES;
				STRING_CATALOG_GENERATE_SYMBOLS = YES;
				SWIFT_APPROACHABLE_CONCURRENCY = YES;
				SWIFT_EMIT_LOC_STRINGS = YES;
				SWIFT_UPCOMING_FEATURE_MEMBER_IMPORT_VISIBILITY = YES;
				SWIFT_VERSION = 5.0;
				TARGETED_DEVICE_FAMILY = "1,2";
			};
			name = Release;
		};
/* End XCBuildConfiguration section */

/* Begin XCConfigurationList section */
		642B88A32F7A6D23000ECE2C /* Build configuration list for PBXProject "Elevate" */ = {
			isa = XCConfigurationList;
			buildConfigurations = (
				642B88B12F7A6D24000ECE2C /* Debug */,
				642B88B22F7A6D24000ECE2C /* Release */,
			);
			defaultConfigurationIsVisible = 0;
			defaultConfigurationName = Release;
		};
		642B88B32F7A6D24000ECE2C /* Build configuration list for PBXNativeTarget "Elevate" */ = {
			isa = XCConfigurationList;
			buildConfigurations = (
				642B88B42F7A6D24000ECE2C /* Debug */,
				642B88B52F7A6D24000ECE2C /* Release */,
			);
			defaultConfigurationIsVisible = 0;
			defaultConfigurationName = Release;
		};
		E2661D212F9CB2E500386075 /* Build configuration list for PBXNativeTarget "ElevateWidgetExtension" */ = {
			isa = XCConfigurationList;
			buildConfigurations = (
				E2661D222F9CB2E500386075 /* Debug */,
				E2661D232F9CB2E500386075 /* Release */,
			);
			defaultConfigurationIsVisible = 0;
			defaultConfigurationName = Release;
		};
/* End XCConfigurationList section */

/* Begin XCRemoteSwiftPackageReference section */
		6452779B2F82802C0008744D /* XCRemoteSwiftPackageReference "firebase-ios-sdk" */ = {
			isa = XCRemoteSwiftPackageReference;
			repositoryURL = "https://github.com/firebase/firebase-ios-sdk.git";
			requirement = {
				kind = upToNextMajorVersion;
				minimumVersion = 12.11.0;
			};
		};
/* End XCRemoteSwiftPackageReference section */

/* Begin XCSwiftPackageProductDependency section */
		6452779C2F82802D0008744D /* FirebaseAuth */ = {
			isa = XCSwiftPackageProductDependency;
			package = 6452779B2F82802C0008744D /* XCRemoteSwiftPackageReference "firebase-ios-sdk" */;
			productName = FirebaseAuth;
		};
		6452779E2F82802D0008744D /* FirebaseCore */ = {
			isa = XCSwiftPackageProductDependency;
			package = 6452779B2F82802C0008744D /* XCRemoteSwiftPackageReference "firebase-ios-sdk" */;
			productName = FirebaseCore;
		};
		645277A02F82802D0008744D /* FirebaseFirestore */ = {
			isa = XCSwiftPackageProductDependency;
			package = 6452779B2F82802C0008744D /* XCRemoteSwiftPackageReference "firebase-ios-sdk" */;
			productName = FirebaseFirestore;
		};
		645277A22F82802D0008744D /* FirebaseMessaging */ = {
			isa = XCSwiftPackageProductDependency;
			package = 6452779B2F82802C0008744D /* XCRemoteSwiftPackageReference "firebase-ios-sdk" */;
			productName = FirebaseMessaging;
		};
/* End XCSwiftPackageProductDependency section */
	};
	rootObject = 642B88A02F7A6D23000ECE2C /* Project object */;
}
